
Microsoft Visual Studio Solution File, Format Version 12.00
# Visual Studio Version 17
VisualStudioVersion = 17.4.33213.308
MinimumVisualStudioVersion = 10.0.40219.1
Project("{FAE04EC0-301F-11D3-BF4B-00C04F79EFBC}") = "ScreenCapture", "ScreenCapture\ScreenCapture.csproj", "{335347E5-4144-469A-A628-D607FD6C0235}"
EndProject
Project("{FAE04EC0-301F-11D3-BF4B-00C04F79EFBC}") = "Demo", "Demo\Demo.csproj", "{69F558EE-4C79-45A5-BA99-732F9E8A2715}"
EndProject
Global
	GlobalSection(SolutionConfigurationPlatforms) = preSolution
		Debug|Any CPU = Debug|Any CPU
		Release|Any CPU = Release|Any CPU
	EndGlobalSection
	GlobalSection(ProjectConfigurationPlatforms) = postSolution
		{335347E5-4144-469A-A628-D607FD6C0235}.Debug|Any CPU.ActiveCfg = Debug|Any CPU
		{335347E5-4144-469A-A628-D607FD6C0235}.Debug|Any CPU.Build.0 = Debug|Any CPU
		{335347E5-4144-469A-A628-D607FD6C0235}.Release|Any CPU.ActiveCfg = Release|Any CPU
		{335347E5-4144-469A-A628-D607FD6C0235}.Release|Any CPU.Build.0 = Release|Any CPU
		{69F558EE-4C79-45A5-BA99-732F9E8A2715}.Debug|Any CPU.ActiveCfg = Debug|Any CPU
		{69F558EE-4C79-45A5-BA99-732F9E8A2715}.Debug|Any CPU.Build.0 = Debug|Any CPU
		{69F558EE-4C79-45A5-BA99-732F9E8A2715}.Release|Any CPU.ActiveCfg = Release|Any CPU
		{69F558EE-4C79-45A5-BA99-732F9E8A2715}.Release|Any CPU.Build.0 = Release|Any CPU
	EndGlobalSection
	GlobalSection(SolutionProperties) = preSolution
		HideSolutionNode = FALSE
	EndGlobalSection
	GlobalSection(ExtensibilityGlobals) = postSolution
		SolutionGuid = {BD91C917-9633-41CE-9B74-E6D7AFA75719}
	EndGlobalSection
EndGlobal
